
Microsoft Visual Studio Solution File, Format Version 12.00
# Visual Studio Version 17
VisualStudioVersion = 17.8.34330.188
MinimumVisualStudioVersion = 10.0.40219.1
Project("{9A19103F-16F7-4668-BE54-9A1E7A4F7556}") = "JayDash", "JayDash\JayDash.csproj", "{B33F44EF-A1FC-49AA-BCEC-AD38FDCEBBBE}"
EndProject
Global
	GlobalSection(SolutionConfigurationPlatforms) = preSolution
		Debug|Any CPU = Debug|Any CPU
		Release|Any CPU = Release|Any CPU
	EndGlobalSection
	GlobalSection(ProjectConfigurationPlatforms) = postSolution
		{B33F44EF-A1FC-49AA-BCEC-AD38FDCEBBBE}.Debug|Any CPU.ActiveCfg = Debug|Any CPU
		{B33F44EF-A1FC-49AA-BCEC-AD38FDCEBBBE}.Debug|Any CPU.Build.0 = Debug|Any CPU
		{B33F44EF-A1FC-49AA-BCEC-AD38FDCEBBBE}.Release|Any CPU.ActiveCfg = Release|Any CPU
		{B33F44EF-A1FC-49AA-BCEC-AD38FDCEBBBE}.Release|Any CPU.Build.0 = Release|Any CPU
	EndGlobalSection
	GlobalSection(SolutionProperties) = preSolution
		HideSolutionNode = FALSE
	EndGlobalSection
	GlobalSection(ExtensibilityGlobals) = postSolution
		SolutionGuid = {7A81D21B-C156-4F55-A2C7-752BE028B163}
	EndGlobalSection
EndGlobal
